
Microsoft Visual Studio Solution File, Format Version 12.00
# Visual Studio Version 17
VisualStudioVersion = 17.8.34330.188
MinimumVisualStudioVersion = 10.0.40219.1
Project("{9A19103F-16F7-4668-BE54-9A1E7A4F7556}") = "EmbarkFromAnyTown", "EmbarkFromAnyTown.csproj", "{0BE035E3-21B8-4068-8FF1-DF203C782D3A}"
EndProject
Global
	GlobalSection(SolutionConfigurationPlatforms) = preSolution
		Debug|Any CPU = Debug|Any CPU
		Release|Any CPU = Release|Any CPU
	EndGlobalSection
	GlobalSection(ProjectConfigurationPlatforms) = postSolution
		{0BE035E3-21B8-4068-8FF1-DF203C782D3A}.Debug|Any CPU.ActiveCfg = Debug|Any CPU
		{0BE035E3-21B8-4068-8FF1-DF203C782D3A}.Debug|Any CPU.Build.0 = Debug|Any CPU
		{0BE035E3-21B8-4068-8FF1-DF203C782D3A}.Release|Any CPU.ActiveCfg = Release|Any CPU
		{0BE035E3-21B8-4068-8FF1-DF203C782D3A}.Release|Any CPU.Build.0 = Release|Any CPU
	EndGlobalSection
	GlobalSection(SolutionProperties) = preSolution
		HideSolutionNode = FALSE
	EndGlobalSection
	GlobalSection(ExtensibilityGlobals) = postSolution
		SolutionGuid = {DFE9F75F-F6A1-4CA8-82E5-FC0FC475F1A9}
	EndGlobalSection
EndGlobal
